# This file is automatically @generated by Poetry 1.6.1 and should not be changed by hand.

[[package]]
name = "comtypes"
version = "1.2.0"
description = "Pure Python COM package"
optional = false
python-versions = "*"
files = [
    {file = "comtypes-1.2.0-py2.py3-none-any.whl", hash = "sha256:26f261b1eed6972d5cdaa3af1fadb3fa76fc59877d0a1293835327a76573380d"},
    {file = "comtypes-1.2.0.zip", hash = "sha256:c8f2f0e995d73baf0bd899a948d62adeb9ab908c8270c66a67ff09dfcf4872b7"},
]

[[package]]
name = "cython"
version = "3.0.1"
description = "The Cython compiler for writing C extensions in the Python language."
optional = false
python-versions = ">=2.7, !=3.0.*, !=3.1.*, !=3.2.*, !=3.3.*"
files = [
    {file = "Cython-3.0.1-cp310-cp310-macosx_10_9_x86_64.whl", hash = "sha256:119786513aad3bd8e483040d3757f11cec808e3f9d42c965c086db7fe62b69b1"},
    {file = "Cython-3.0.1-cp310-cp310-manylinux_2_17_aarch64.manylinux2014_aarch64.whl", hash = "sha256:e5481c4ee02fd178e3ef1b2d98b0a828a79fda92998d9541088a00f70d83f9a7"},
    {file = "Cython-3.0.1-cp310-cp310-manylinux_2_17_x86_64.manylinux2014_x86_64.whl", hash = "sha256:08dc403e6fc2b105b83759c72980bc8d7b729b03dfe94c8345a5e999dfd07d15"},
    {file = "Cython-3.0.1-cp310-cp310-manylinux_2_5_i686.manylinux1_i686.manylinux_2_17_i686.manylinux2014_i686.whl", hash = "sha256:a1f7b8394cdf4d35a6d8129cdf3677642b9712793611850fbfb9cc7c4ef8d9cb"},
    {file = "Cython-3.0.1-cp310-cp310-musllinux_1_1_aarch64.whl", hash = "sha256:f8fde8dfec6a1fe5d9d035dbb740aacc1d7aea7f0dbcaa5ce61e9a8dea0c8888"},
    {file = "Cython-3.0.1-cp310-cp310-musllinux_1_1_x86_64.whl", hash = "sha256:f663c9206475675d5f1c086dcab0404bc7a732241f951a9c89258392601c26f8"},
    {file = "Cython-3.0.1-cp310-cp310-win32.whl", hash = "sha256:b57d5bda3cf15e59ab46fb541d448f1b52c0d8fe8bbed7baec613537e41161eb"},
    {file = "Cython-3.0.1-cp310-cp310-win_amd64.whl", hash = "sha256:02e2cdaff5795875aa4441068c20a04edb727a145dd45518926f7ae692ec0061"},
    {file = "Cython-3.0.1-cp311-cp311-macosx_10_9_x86_64.whl", hash = "sha256:5e544e91efa287de31014550aa6e8525507ea6d5727c36ff5f96e9dcf9c40133"},
    {file = "Cython-3.0.1-cp311-cp311-manylinux_2_17_aarch64.manylinux2014_aarch64.whl", hash = "sha256:182ae584dbaa6fd73161a6f8cc7d350eeefc43c091cabc2b70fa1a802a7ef729"},
    {file = "Cython-3.0.1-cp311-cp311-manylinux_2_17_x86_64.manylinux2014_x86_64.whl", hash = "sha256:05dba6b214a12aa66421d810d24d0298ff37cb6036d00d4e851b61a54948540c"},
    {file = "Cython-3.0.1-cp311-cp311-manylinux_2_5_i686.manylinux1_i686.manylinux_2_17_i686.manylinux2014_i686.whl", hash = "sha256:35c28fc53745e7ebabb54d13d6cd3d3659f65ef50d324dadd9146212adb236cc"},
    {file = "Cython-3.0.1-cp311-cp311-musllinux_1_1_aarch64.whl", hash = "sha256:6d9dbcecd61f4f22ae6a035628e803490af7f0e16fd91e97fec63face61873a5"},
    {file = "Cython-3.0.1-cp311-cp311-musllinux_1_1_x86_64.whl", hash = "sha256:4acd382eb6d8cd34df421c42f1bfc8c7c0c38cd213fa35222a65a2a988fe50da"},
    {file = "Cython-3.0.1-cp311-cp311-win32.whl", hash = "sha256:c43adbc5a3a1d678314734f69dba3eb4f24438ba668e08a438b8067ac5a6494e"},
    {file = "Cython-3.0.1-cp311-cp311-win_amd64.whl", hash = "sha256:35701606862989d5db641cf8cb85f62eaab9beaafb09a102839aebe5a70a1060"},
    {file = "Cython-3.0.1-cp312-cp312-macosx_10_9_x86_64.whl", hash = "sha256:9dbdb0019304ec84c7209a967043fc4923ed2d911a37ed695c3d1548c99b1285"},
    {file = "Cython-3.0.1-cp312-cp312-manylinux_2_17_aarch64.manylinux2014_aarch64.whl", hash = "sha256:92f0dda50c11770673c332603b52ce0cb4abf32f2562e53dbdc4b674b6be7faa"},
    {file = "Cython-3.0.1-cp312-cp312-manylinux_2_17_x86_64.manylinux2014_x86_64.whl", hash = "sha256:c6f7ead11cfb2d6c6dd7a1fd1987ce221c5c1061b47d747b0bb84b5704045cf9"},
    {file = "Cython-3.0.1-cp312-cp312-manylinux_2_5_i686.manylinux1_i686.manylinux_2_17_i686.manylinux2014_i686.whl", hash = "sha256:5936dd43207a3f0269d033463195e201072b9b594c9693ff142985c0c33cd2d2"},
    {file = "Cython-3.0.1-cp312-cp312-musllinux_1_1_aarch64.whl", hash = "sha256:768044473afd9fca3ba65d92deb80f16aa10d2776c9c2a8f667dbb480a58c528"},
    {file = "Cython-3.0.1-cp312-cp312-musllinux_1_1_x86_64.whl", hash = "sha256:79f3ea7233e8a8856e57acdb7a30e8548009732649ffabe94049b35e2e5d7b8a"},
    {file = "Cython-3.0.1-cp312-cp312-win32.whl", hash = "sha256:b0917b84af48616124dfead2235b36c64c0d024c4d19cefa1a5da2f106a0854a"},
    {file = "Cython-3.0.1-cp312-cp312-win_amd64.whl", hash = "sha256:bde58bda00d4689eb51ad3129873b09c695a64d3b6b8573cbc450e177a87173a"},
    {file = "Cython-3.0.1-cp36-cp36m-macosx_10_9_x86_64.whl", hash = "sha256:e69223fb6b99addff8b6d8a3e9f5ae044438bbf48dc08a3495eb99b13e62273c"},
    {file = "Cython-3.0.1-cp36-cp36m-manylinux_2_17_aarch64.manylinux2014_aarch64.whl", hash = "sha256:6a51fa13b5fcace8389888542b7bf63728898a9fefcb471cbf9f7736ce057d8a"},
    {file = "Cython-3.0.1-cp36-cp36m-manylinux_2_17_x86_64.manylinux2014_x86_64.whl", hash = "sha256:3194c330dc4c07c01f7d802868960ff053ef5c026aea17e03b025e307c9d94fe"},
    {file = "Cython-3.0.1-cp36-cp36m-manylinux_2_5_i686.manylinux1_i686.manylinux_2_17_i686.manylinux2014_i686.whl", hash = "sha256:49f13d342a810947685759597013e1e4fdc9875d74372fa6121cb190913100d4"},
    {file = "Cython-3.0.1-cp36-cp36m-musllinux_1_1_aarch64.whl", hash = "sha256:d9a510157a454bec22752713465d1698098b99351bc41be8938f3d526286aa6f"},
    {file = "Cython-3.0.1-cp36-cp36m-musllinux_1_1_x86_64.whl", hash = "sha256:6bfdce6a65b8587ed992af912107d9cf047ed14bfdddcba6bd7917feb93cb441"},
    {file = "Cython-3.0.1-cp36-cp36m-win32.whl", hash = "sha256:b76e3237b7c6e1cb53af2223c20f5b51ea1cc40d77966eb121187825657fb9cf"},
    {file = "Cython-3.0.1-cp36-cp36m-win_amd64.whl", hash = "sha256:db53e83bc793538ed00e8fe04d2a2469c8f18f636f3e9b26564b51d6b384015c"},
    {file = "Cython-3.0.1-cp37-cp37m-macosx_10_9_x86_64.whl", hash = "sha256:e7d42293809ff45d7743fb81bda64ecdb24a269d5bfcbd22cf74f2b8d112039f"},
    {file = "Cython-3.0.1-cp37-cp37m-manylinux_2_17_aarch64.manylinux2014_aarch64.whl", hash = "sha256:a8f0f4fc248e742d6a17fdbb646fff21d99e21b7ce5180f00dcf8a9588fbfb73"},
    {file = "Cython-3.0.1-cp37-cp37m-manylinux_2_17_x86_64.manylinux2014_x86_64.whl", hash = "sha256:9e88759313bffc67616ee10ff142a395b19a48789a5e20880e8fc8fd3208ab37"},
    {file = "Cython-3.0.1-cp37-cp37m-manylinux_2_5_i686.manylinux1_i686.manylinux_2_17_i686.manylinux2014_i686.whl", hash = "sha256:da7f41b170a70b5c0172795a487c7301b43c136918b23724aec8d1388cee668f"},
    {file = "Cython-3.0.1-cp37-cp37m-musllinux_1_1_aarch64.whl", hash = "sha256:db6a823a86a10532934f83b6445f07634b2ad872fe52577ab0861a0f074e3036"},
    {file = "Cython-3.0.1-cp37-cp37m-musllinux_1_1_x86_64.whl", hash = "sha256:d322561a852fa77b4b47668b12265f4a6ae7aed232aad2e3d52379e16c4e1ece"},
    {file = "Cython-3.0.1-cp37-cp37m-win32.whl", hash = "sha256:f02fcd11da42739a6fe3b5e1a3b21e644e10d02fb47757b1be239cabe3312d51"},
    {file = "Cython-3.0.1-cp37-cp37m-win_amd64.whl", hash = "sha256:e02c1c06d2b0138effead19c6c352ac1b99b2c431d97b6379ff4e17c9348bf61"},
    {file = "Cython-3.0.1-cp38-cp38-macosx_10_9_x86_64.whl", hash = "sha256:53883e5092eff175aea2811e987ae930723ee4657bd470f549b63c5fd738ada3"},
    {file = "Cython-3.0.1-cp38-cp38-manylinux_2_17_aarch64.manylinux2014_aarch64.whl", hash = "sha256:402b05a42a516a53912d980de644fdc30b6702e5f8ebf984276e162cac4a12c5"},
    {file = "Cython-3.0.1-cp38-cp38-manylinux_2_17_x86_64.manylinux2014_x86_64.whl", hash = "sha256:fba7d0d5978a5ddb5e3cd59ce2b5bfeace6cabdad8aa7b5f740028e8b3126b88"},
    {file = "Cython-3.0.1-cp38-cp38-manylinux_2_5_i686.manylinux1_i686.manylinux_2_17_i686.manylinux2014_i686.whl", hash = "sha256:346232ecb90ade8ff456361b58e9ca21cf672a4191e26ae498993975980a615b"},
    {file = "Cython-3.0.1-cp38-cp38-musllinux_1_1_aarch64.whl", hash = "sha256:d12ab154d8bf68eadea69ff24f1bc90d7a332b20da4d9a3a82e737f6fc06091a"},
    {file = "Cython-3.0.1-cp38-cp38-musllinux_1_1_x86_64.whl", hash = "sha256:cf6c8c05075b510d4f53127a8239c43a5f148e1ba1c479cb3e21e15112c533cf"},
    {file = "Cython-3.0.1-cp38-cp38-win32.whl", hash = "sha256:9a12ac8f9cc2e8ed191f7b18e8661cd64d7ff2299e4566abc8c03e03721ba6ca"},
    {file = "Cython-3.0.1-cp38-cp38-win_amd64.whl", hash = "sha256:dc65a9cdeb29b553bfcdc90499b672a75bc85ed7d4b212018e513463244f59ae"},
    {file = "Cython-3.0.1-cp39-cp39-macosx_10_9_x86_64.whl", hash = "sha256:934f236a1f002705f012b7ba7b068a092c0023a7b965d3139c8dc7e34f166dd1"},
    {file = "Cython-3.0.1-cp39-cp39-manylinux_2_17_aarch64.manylinux2014_aarch64.whl", hash = "sha256:c5ad08fed2444a0168dbfe0589cd711091adf38d19ea4421ebe92886bf4e0c22"},
    {file = "Cython-3.0.1-cp39-cp39-manylinux_2_17_x86_64.manylinux2014_x86_64.whl", hash = "sha256:ff571d41e2673678929ad1f5fee68e1757bd8e42c0082c3359138da56fc25263"},
    {file = "Cython-3.0.1-cp39-cp39-manylinux_2_5_i686.manylinux1_i686.manylinux_2_17_i686.manylinux2014_i686.whl", hash = "sha256:137ec3f7abda49f53621c8c7f427d93ad5ac33a5f4e112e04594c1aad0bd0613"},
    {file = "Cython-3.0.1-cp39-cp39-musllinux_1_1_aarch64.whl", hash = "sha256:fc1452139e1eb044b6e906a71c92e5580fec4deabe75cb440324d17b1163b038"},
    {file = "Cython-3.0.1-cp39-cp39-musllinux_1_1_x86_64.whl", hash = "sha256:720e72474c55d33c245e0280ecb4b604dd301ed3851c78cede932f2c3d074224"},
    {file = "Cython-3.0.1-cp39-cp39-win32.whl", hash = "sha256:d63f67696df2caeac5c57a12485ff4c7f377bead430c3654145b57bc105ba3c6"},
    {file = "Cython-3.0.1-cp39-cp39-win_amd64.whl", hash = "sha256:00f7378e1cd1c22076922489cb628ce63301c018231c67f1389cef803cc2b586"},
    {file = "Cython-3.0.1-py2.py3-none-any.whl", hash = "sha256:7894efe3b47231bfdf8be1a8a2852a2b07dd83cad16bbdf666591894198c82dd"},
    {file = "Cython-3.0.1.tar.gz", hash = "sha256:f3e49c4eaaa11345486ac0fa2b350636e44a4b45bd7521a6b133924c5ff20bba"},
]

[[package]]
name = "mss"
version = "9.0.1"
description = "An ultra fast cross-platform multiple screenshots module in pure python using ctypes."
optional = false
python-versions = ">=3.8"
files = [
    {file = "mss-9.0.1-py3-none-any.whl", hash = "sha256:7ee44db7ab14cbea6a3eb63813c57d677a109ca5979d3b76046e4bddd3ca1a0b"},
    {file = "mss-9.0.1.tar.gz", hash = "sha256:6eb7b9008cf27428811fa33aeb35f3334db81e3f7cc2dd49ec7c6e5a94b39f12"},
]

[[package]]
name = "numpy"
version = "1.25.2"
description = "Fundamental package for array computing in Python"
optional = false
python-versions = ">=3.9"
files = [
    {file = "numpy-1.25.2-cp310-cp310-macosx_10_9_x86_64.whl", hash = "sha256:db3ccc4e37a6873045580d413fe79b68e47a681af8db2e046f1dacfa11f86eb3"},
    {file = "numpy-1.25.2-cp310-cp310-macosx_11_0_arm64.whl", hash = "sha256:90319e4f002795ccfc9050110bbbaa16c944b1c37c0baeea43c5fb881693ae1f"},
    {file = "numpy-1.25.2-cp310-cp310-manylinux_2_17_aarch64.manylinux2014_aarch64.whl", hash = "sha256:dfe4a913e29b418d096e696ddd422d8a5d13ffba4ea91f9f60440a3b759b0187"},
    {file = "numpy-1.25.2-cp310-cp310-manylinux_2_17_x86_64.manylinux2014_x86_64.whl", hash = "sha256:f08f2e037bba04e707eebf4bc934f1972a315c883a9e0ebfa8a7756eabf9e357"},
    {file = "numpy-1.25.2-cp310-cp310-musllinux_1_1_x86_64.whl", hash = "sha256:bec1e7213c7cb00d67093247f8c4db156fd03075f49876957dca4711306d39c9"},
    {file = "numpy-1.25.2-cp310-cp310-win32.whl", hash = "sha256:7dc869c0c75988e1c693d0e2d5b26034644399dd929bc049db55395b1379e044"},
    {file = "numpy-1.25.2-cp310-cp310-win_amd64.whl", hash = "sha256:834b386f2b8210dca38c71a6e0f4fd6922f7d3fcff935dbe3a570945acb1b545"},
    {file = "numpy-1.25.2-cp311-cp311-macosx_10_9_x86_64.whl", hash = "sha256:c5462d19336db4560041517dbb7759c21d181a67cb01b36ca109b2ae37d32418"},
    {file = "numpy-1.25.2-cp311-cp311-macosx_11_0_arm64.whl", hash = "sha256:c5652ea24d33585ea39eb6a6a15dac87a1206a692719ff45d53c5282e66d4a8f"},
    {file = "numpy-1.25.2-cp311-cp311-manylinux_2_17_aarch64.manylinux2014_aarch64.whl", hash = "sha256:0d60fbae8e0019865fc4784745814cff1c421df5afee233db6d88ab4f14655a2"},
    {file = "numpy-1.25.2-cp311-cp311-manylinux_2_17_x86_64.manylinux2014_x86_64.whl", hash = "sha256:60e7f0f7f6d0eee8364b9a6304c2845b9c491ac706048c7e8cf47b83123b8dbf"},
    {file = "numpy-1.25.2-cp311-cp311-musllinux_1_1_x86_64.whl", hash = "sha256:bb33d5a1cf360304754913a350edda36d5b8c5331a8237268c48f91253c3a364"},
    {file = "numpy-1.25.2-cp311-cp311-win32.whl", hash = "sha256:5883c06bb92f2e6c8181df7b39971a5fb436288db58b5a1c3967702d4278691d"},
    {file = "numpy-1.25.2-cp311-cp311-win_amd64.whl", hash = "sha256:5c97325a0ba6f9d041feb9390924614b60b99209a71a69c876f71052521d42a4"},
    {file = "numpy-1.25.2-cp39-cp39-macosx_10_9_x86_64.whl", hash = "sha256:b79e513d7aac42ae918db3ad1341a015488530d0bb2a6abcbdd10a3a829ccfd3"},
    {file = "numpy-1.25.2-cp39-cp39-macosx_11_0_arm64.whl", hash = "sha256:eb942bfb6f84df5ce05dbf4b46673ffed0d3da59f13635ea9b926af3deb76926"},
    {file = "numpy-1.25.2-cp39-cp39-manylinux_2_17_aarch64.manylinux2014_aarch64.whl", hash = "sha256:3e0746410e73384e70d286f93abf2520035250aad8c5714240b0492a7302fdca"},
    {file = "numpy-1.25.2-cp39-cp39-manylinux_2_17_x86_64.manylinux2014_x86_64.whl", hash = "sha256:d7806500e4f5bdd04095e849265e55de20d8cc4b661b038957354327f6d9b295"},
    {file = "numpy-1.25.2-cp39-cp39-musllinux_1_1_x86_64.whl", hash = "sha256:8b77775f4b7df768967a7c8b3567e309f617dd5e99aeb886fa14dc1a0791141f"},
    {file = "numpy-1.25.2-cp39-cp39-win32.whl", hash = "sha256:2792d23d62ec51e50ce4d4b7d73de8f67a2fd3ea710dcbc8563a51a03fb07b01"},
    {file = "numpy-1.25.2-cp39-cp39-win_amd64.whl", hash = "sha256:76b4115d42a7dfc5d485d358728cdd8719be33cc5ec6ec08632a5d6fca2ed380"},
    {file = "numpy-1.25.2-pp39-pypy39_pp73-macosx_10_9_x86_64.whl", hash = "sha256:1a1329e26f46230bf77b02cc19e900db9b52f398d6722ca853349a782d4cff55"},
    {file = "numpy-1.25.2-pp39-pypy39_pp73-manylinux_2_17_x86_64.manylinux2014_x86_64.whl", hash = "sha256:4c3abc71e8b6edba80a01a52e66d83c5d14433cbcd26a40c329ec7ed09f37901"},
    {file = "numpy-1.25.2-pp39-pypy39_pp73-win_amd64.whl", hash = "sha256:1b9735c27cea5d995496f46a8b1cd7b408b3f34b6d50459d9ac8fe3a20cc17bf"},
    {file = "numpy-1.25.2.tar.gz", hash = "sha256:fd608e19c8d7c55021dffd43bfe5492fab8cc105cc8986f813f8c3c048b38760"},
]

[[package]]
name = "opencv-python"
version = "4.8.0.76"
description = "Wrapper package for OpenCV python bindings."
optional = false
python-versions = ">=3.6"
files = [
    {file = "opencv-python-4.8.0.76.tar.gz", hash = "sha256:56d84c43ce800938b9b1ec74b33942b2edbcef3f70c2754eb9bfe5dff1ee3ace"},
    {file = "opencv_python-4.8.0.76-cp37-abi3-macosx_10_16_x86_64.whl", hash = "sha256:67bce4b9aad307c98a9a07c6afb7de3a4e823c1f4991d6d8e88e229e7dfeee59"},
    {file = "opencv_python-4.8.0.76-cp37-abi3-macosx_11_0_arm64.whl", hash = "sha256:48eb3121d809a873086d6677565e3ac963e6946110d13cd115533fa70e2aa2eb"},
    {file = "opencv_python-4.8.0.76-cp37-abi3-manylinux_2_17_aarch64.manylinux2014_aarch64.whl", hash = "sha256:93871871b1c9d6b125cddd45b0638a2fa01ee9fd37f5e428823f750e404f2f15"},
    {file = "opencv_python-4.8.0.76-cp37-abi3-manylinux_2_17_x86_64.manylinux2014_x86_64.whl", hash = "sha256:9bcb4944211acf13742dbfd9d3a11dc4e36353ffa1746f2c7dcd6a01c32d1376"},
    {file = "opencv_python-4.8.0.76-cp37-abi3-win32.whl", hash = "sha256:b2349dc9f97ed6c9ba163d0a7a24bcef9695a3e216cd143e92f1b9659c5d9a49"},
    {file = "opencv_python-4.8.0.76-cp37-abi3-win_amd64.whl", hash = "sha256:ba32cfa75a806abd68249699d34420737d27b5678553387fc5768747a6492147"},
]

[package.dependencies]
numpy = [
    {version = ">=1.23.5", markers = "python_version >= \"3.11\""},
    {version = ">=1.21.4", markers = "python_version >= \"3.10\" and platform_system == \"Darwin\" and python_version < \"3.11\""},
    {version = ">=1.21.2", markers = "platform_system != \"Darwin\" and python_version >= \"3.10\" and python_version < \"3.11\""},
]

[[package]]
name = "pyobjc-core"
version = "9.2"
description = "Python<->ObjC Interoperability Module"
optional = false
python-versions = ">=3.7"
files = [
    {file = "pyobjc-core-9.2.tar.gz", hash = "sha256:d734b9291fec91ff4e3ae38b9c6839debf02b79c07314476e87da8e90b2c68c3"},
    {file = "pyobjc_core-9.2-cp310-cp310-macosx_10_9_universal2.whl", hash = "sha256:fa674a39949f5cde8e5c7bbcd24496446bfc67592b028aedbec7f81dc5fc4daa"},
    {file = "pyobjc_core-9.2-cp311-cp311-macosx_10_9_universal2.whl", hash = "sha256:bbc8de304ee322a1ee530b4d2daca135a49b4a49aa3cedc6b2c26c43885f4842"},
    {file = "pyobjc_core-9.2-cp312-cp312-macosx_10_9_universal2.whl", hash = "sha256:0fa950f092673883b8bd28bc18397415cabb457bf410920762109b411789ade9"},
    {file = "pyobjc_core-9.2-cp37-cp37m-macosx_10_9_x86_64.whl", hash = "sha256:586e4cae966282eaa61b21cae66ccdcee9d69c036979def26eebdc08ddebe20f"},
    {file = "pyobjc_core-9.2-cp38-cp38-macosx_10_9_x86_64.whl", hash = "sha256:41189c2c680931c0395a55691763c481fc681f454f21bb4f1644f98c24a45954"},
    {file = "pyobjc_core-9.2-cp38-cp38-macosx_11_0_universal2.whl", hash = "sha256:2d23ee539f2ba5e9f5653d75a13f575c7e36586fc0086792739e69e4c2617eda"},
    {file = "pyobjc_core-9.2-cp39-cp39-macosx_10_9_universal2.whl", hash = "sha256:b9809cf96678797acb72a758f34932fe8e2602d5ab7abec15c5ac68ddb481720"},
]

[[package]]
name = "pyobjc-framework-cocoa"
version = "9.2"
description = "Wrappers for the Cocoa frameworks on macOS"
optional = false
python-versions = ">=3.7"
files = [
    {file = "pyobjc-framework-Cocoa-9.2.tar.gz", hash = "sha256:efd78080872d8c8de6c2b97e0e4eac99d6203a5d1637aa135d071d464eb2db53"},
    {file = "pyobjc_framework_Cocoa-9.2-cp310-cp310-macosx_10_9_universal2.whl", hash = "sha256:9e02d8a7cc4eb7685377c50ba4f17345701acf4c05b1e7480d421bff9e2f62a4"},
    {file = "pyobjc_framework_Cocoa-9.2-cp311-cp311-macosx_10_9_universal2.whl", hash = "sha256:3b1e6287b3149e4c6679cdbccd8e9ef6557a4e492a892e80a77df143f40026d2"},
    {file = "pyobjc_framework_Cocoa-9.2-cp312-cp312-macosx_10_9_universal2.whl", hash = "sha256:312977ce2e3989073c6b324c69ba24283de206fe7acd6dbbbaf3e29238a22537"},
    {file = "pyobjc_framework_Cocoa-9.2-cp37-cp37m-macosx_10_9_x86_64.whl", hash = "sha256:aae7841cf40c26dd915f4dd828f91c6616e6b7998630b72e704750c09e00f334"},
    {file = "pyobjc_framework_Cocoa-9.2-cp38-cp38-macosx_10_9_x86_64.whl", hash = "sha256:739a421e14382a46cbeb9a883f192dceff368ad28ec34d895c48c0ad34cf2c1d"},
    {file = "pyobjc_framework_Cocoa-9.2-cp38-cp38-macosx_11_0_universal2.whl", hash = "sha256:32d9ac1033fac1b821ddee8c68f972a7074ad8c50bec0bea9a719034c1c2fb94"},
    {file = "pyobjc_framework_Cocoa-9.2-cp39-cp39-macosx_10_9_universal2.whl", hash = "sha256:b236bb965e41aeb2e215d4e98a5a230d4b63252c6d26e00924ea2e69540a59d6"},
]

[package.dependencies]
pyobjc-core = ">=9.2"

[[package]]
name = "pywin32"
version = "306"
description = "Python for Window Extensions"
optional = false
python-versions = "*"
files = [
    {file = "pywin32-306-cp310-cp310-win32.whl", hash = "sha256:06d3420a5155ba65f0b72f2699b5bacf3109f36acbe8923765c22938a69dfc8d"},
    {file = "pywin32-306-cp310-cp310-win_amd64.whl", hash = "sha256:84f4471dbca1887ea3803d8848a1616429ac94a4a8d05f4bc9c5dcfd42ca99c8"},
    {file = "pywin32-306-cp311-cp311-win32.whl", hash = "sha256:e65028133d15b64d2ed8f06dd9fbc268352478d4f9289e69c190ecd6818b6407"},
    {file = "pywin32-306-cp311-cp311-win_amd64.whl", hash = "sha256:a7639f51c184c0272e93f244eb24dafca9b1855707d94c192d4a0b4c01e1100e"},
    {file = "pywin32-306-cp311-cp311-win_arm64.whl", hash = "sha256:70dba0c913d19f942a2db25217d9a1b726c278f483a919f1abfed79c9cf64d3a"},
    {file = "pywin32-306-cp312-cp312-win32.whl", hash = "sha256:383229d515657f4e3ed1343da8be101000562bf514591ff383ae940cad65458b"},
    {file = "pywin32-306-cp312-cp312-win_amd64.whl", hash = "sha256:37257794c1ad39ee9be652da0462dc2e394c8159dfd913a8a4e8eb6fd346da0e"},
    {file = "pywin32-306-cp312-cp312-win_arm64.whl", hash = "sha256:5821ec52f6d321aa59e2db7e0a35b997de60c201943557d108af9d4ae1ec7040"},
    {file = "pywin32-306-cp37-cp37m-win32.whl", hash = "sha256:1c73ea9a0d2283d889001998059f5eaaba3b6238f767c9cf2833b13e6a685f65"},
    {file = "pywin32-306-cp37-cp37m-win_amd64.whl", hash = "sha256:72c5f621542d7bdd4fdb716227be0dd3f8565c11b280be6315b06ace35487d36"},
    {file = "pywin32-306-cp38-cp38-win32.whl", hash = "sha256:e4c092e2589b5cf0d365849e73e02c391c1349958c5ac3e9d5ccb9a28e017b3a"},
    {file = "pywin32-306-cp38-cp38-win_amd64.whl", hash = "sha256:e8ac1ae3601bee6ca9f7cb4b5363bf1c0badb935ef243c4733ff9a393b1690c0"},
    {file = "pywin32-306-cp39-cp39-win32.whl", hash = "sha256:e25fd5b485b55ac9c057f67d94bc203f3f6595078d1fb3b458c9c28b7153a802"},
    {file = "pywin32-306-cp39-cp39-win_amd64.whl", hash = "sha256:39b61c15272833b5c329a2989999dcae836b1eed650252ab1b7bfbe1d59f30f4"},
]

[[package]]
name = "pywinauto"
version = "0.6.8"
description = "A set of Python modules to automate the Microsoft Windows GUI"
optional = false
python-versions = "*"
files = [
    {file = "pywinauto-0.6.8-py2.py3-none-any.whl", hash = "sha256:931ce622d7f402b1892ab472987a1332e4c0681bf87e106f798390d16ca95e58"},
    {file = "pywinauto-0.6.8.tar.gz", hash = "sha256:de23f1e977cc51e7eddd95c8f365710343136433968d1e2ad377962d6bd6540a"},
]

[package.dependencies]
comtypes = "*"
pywin32 = "*"
six = "*"

[[package]]
name = "screeninfo"
version = "0.8.1"
description = "Fetch location and size of physical screens."
optional = false
python-versions = ">=3.6.2,<4.0.0"
files = [
    {file = "screeninfo-0.8.1-py3-none-any.whl", hash = "sha256:e97d6b173856edcfa3bd282f81deb528188aff14b11ec3e195584e7641be733c"},
    {file = "screeninfo-0.8.1.tar.gz", hash = "sha256:9983076bcc7e34402a1a9e4d7dabf3729411fd2abb3f3b4be7eba73519cd2ed1"},
]

[package.dependencies]
Cython = {version = "*", markers = "sys_platform == \"darwin\""}
pyobjc-framework-Cocoa = {version = "*", markers = "sys_platform == \"darwin\""}

[[package]]
name = "six"
version = "1.16.0"
description = "Python 2 and 3 compatibility utilities"
optional = false
python-versions = ">=2.7, !=3.0.*, !=3.1.*, !=3.2.*"
files = [
    {file = "six-1.16.0-py2.py3-none-any.whl", hash = "sha256:8abb2f1d86890a2dfb989f9a77cfcfd3e47c2a354b01111771326f8aa26e0254"},
    {file = "six-1.16.0.tar.gz", hash = "sha256:1e61c37477a1626458e36f7b1d82aa5c9b094fa4802892072e49de9c60c4c926"},
]

[metadata]
lock-version = "2.0"
python-versions = "^3.10"
content-hash = "e09b0b16dc54d9e3b726cb4156073db15f6cd7a811b6d6877fe938a5559d2aa4"
